
Microsoft Visual Studio Solution File, Format Version 12.00
# Visual Studio Version 17
VisualStudioVersion = 17.1.32104.313
MinimumVisualStudioVersion = 10.0.40219.1
Project("{9A19103F-16F7-4668-BE54-9A1E7A4F7556}") = "CaliberTournamentsV2", "CaliberTournamentsV2\CaliberTournamentsV2.csproj", "{A56670B8-D42C-48E8-A7AC-F3166B9D0F8A}"
EndProject
Global
	GlobalSection(SolutionConfigurationPlatforms) = preSolution
		Debug|Any CPU = Debug|Any CPU
		Release|Any CPU = Release|Any CPU
	EndGlobalSection
	GlobalSection(ProjectConfigurationPlatforms) = postSolution
		{A56670B8-D42C-48E8-A7AC-F3166B9D0F8A}.Debug|Any CPU.ActiveCfg = Debug|Any CPU
		{A56670B8-D42C-48E8-A7AC-F3166B9D0F8A}.Debug|Any CPU.Build.0 = Debug|Any CPU
		{A56670B8-D42C-48E8-A7AC-F3166B9D0F8A}.Release|Any CPU.ActiveCfg = Release|Any CPU
		{A56670B8-D42C-48E8-A7AC-F3166B9D0F8A}.Release|Any CPU.Build.0 = Release|Any CPU
	EndGlobalSection
	GlobalSection(SolutionProperties) = preSolution
		HideSolutionNode = FALSE
	EndGlobalSection
	GlobalSection(ExtensibilityGlobals) = postSolution
		SolutionGuid = {FDE57708-E2BD-4E51-B0D7-1218948B1AD8}
	EndGlobalSection
EndGlobal
